
Microsoft Visual Studio Solution File, Format Version 12.00
# Visual Studio Version 17
VisualStudioVersion = 17.14.36301.6 d17.14
MinimumVisualStudioVersion = 10.0.40219.1
Project("{FAE04EC0-301F-11D3-BF4B-00C04F79EFBC}") = "Centralino_AutozzattiXFP", "Centralino_AutozzattiXFP\Centralino_AutozzattiXFP.csproj", "{4BD6ADD9-8FF4-4DE7-ABA3-F6235DFD8F68}"
EndProject
Global
	GlobalSection(SolutionConfigurationPlatforms) = preSolution
		Debug|Any CPU = Debug|Any CPU
		Release|Any CPU = Release|Any CPU
	EndGlobalSection
	GlobalSection(ProjectConfigurationPlatforms) = postSolution
		{4BD6ADD9-8FF4-4DE7-ABA3-F6235DFD8F68}.Debug|Any CPU.ActiveCfg = Debug|Any CPU
		{4BD6ADD9-8FF4-4DE7-ABA3-F6235DFD8F68}.Debug|Any CPU.Build.0 = Debug|Any CPU
		{4BD6ADD9-8FF4-4DE7-ABA3-F6235DFD8F68}.Release|Any CPU.ActiveCfg = Release|Any CPU
		{4BD6ADD9-8FF4-4DE7-ABA3-F6235DFD8F68}.Release|Any CPU.Build.0 = Release|Any CPU
	EndGlobalSection
	GlobalSection(SolutionProperties) = preSolution
		HideSolutionNode = FALSE
	EndGlobalSection
	GlobalSection(ExtensibilityGlobals) = postSolution
		SolutionGuid = {564983E0-F4C1-40EC-99A8-21B590D1C794}
	EndGlobalSection
EndGlobal
